# THIS IS AN AUTOGENERATED FILE. DO NOT EDIT THIS FILE DIRECTLY.
# yarn lockfile v1


halfmoon@^1.1.1:
  version "1.1.1"
  resolved "https://registry.yarnpkg.com/halfmoon/-/halfmoon-1.1.1.tgz#af45c2d78bb869a408a5b72bbac2dccbe89d2aed"
  integrity sha512-w/ydT3CixxxxdJP4a3sqSzUnCJFmhvcqE2vQOIsWCfevpqanKlbGQNUwKJH0nKvo13M89eetM3R0gsTOfNLGHA==
